// !$*UTF8*$!
{
	archiveVersion = 1;
	classes = {
	};
	objectVersion = 55;
	objects = {

/* Begin PBXBuildFile section */
		38B2AF2127D801F100535D1A /* BitcoinActualPriceApp.swift in Sources */ = {isa = PBXBuildFile; fileRef = 38B2AF2027D801F100535D1A /* BitcoinActualPriceApp.swift */; };
		38B2AF2327D801F100535D1A /* MainView.swift in Sources */ = {isa = PBXBuildFile; fileRef = 38B2AF2227D801F100535D1A /* MainView.swift */; };
		38B2AF2527D801F200535D1A /* Assets.xcassets in Resources */ = {isa = PBXBuildFile; fileRef = 38B2AF2427D801F200535D1A /* Assets.xcassets */; };
		38B2AF2827D801F200535D1A /* Preview Assets.xcassets in Resources */ = {isa = PBXBuildFile; fileRef = 38B2AF2727D801F200535D1A /* Preview Assets.xcassets */; };
		38B2AF3227D8024900535D1A /* SettingsView.swift in Sources */ = {isa = PBXBuildFile; fileRef = 38B2AF3127D8024900535D1A /* SettingsView.swift */; };
		38B2AF3427D8029C00535D1A /* MainModel.swift in Sources */ = {isa = PBXBuildFile; fileRef = 38B2AF3327D8029C00535D1A /* MainModel.swift */; };
		38B2AF3627D802BF00535D1A /* MainController.swift in Sources */ = {isa = PBXBuildFile; fileRef = 38B2AF3527D802BF00535D1A /* MainController.swift */; };
		38B2AF3927D802E400535D1A /* Alamofire in Frameworks */ = {isa = PBXBuildFile; productRef = 38B2AF3827D802E400535D1A /* Alamofire */; };
		38B2AF3E27D8042A00535D1A /* SwiftUICharts in Frameworks */ = {isa = PBXBuildFile; productRef = 38B2AF3D27D8042A00535D1A /* SwiftUICharts */; };
/* End PBXBuildFile section */

/* Begin PBXFileReference section */
		38B2AF1D27D801F100535D1A /* BitcoinActualPrice.app */ = {isa = PBXFileReference; explicitFileType = wrapper.application; includeInIndex = 0; path = BitcoinActualPrice.app; sourceTree = BUILT_PRODUCTS_DIR; };
		38B2AF2027D801F100535D1A /* BitcoinActualPriceApp.swift */ = {isa = PBXFileReference; lastKnownFileType = sourcecode.swift; path = BitcoinActualPriceApp.swift; sourceTree = "<group>"; };
		38B2AF2227D801F100535D1A /* MainView.swift */ = {isa = PBXFileReference; lastKnownFileType = sourcecode.swift; path = MainView.swift; sourceTree = "<group>"; };
		38B2AF2427D801F200535D1A /* Assets.xcassets */ = {isa = PBXFileReference; lastKnownFileType = folder.assetcatalog; path = Assets.xcassets; sourceTree = "<group>"; };
		38B2AF2727D801F200535D1A /* Preview Assets.xcassets */ = {isa = PBXFileReference; lastKnownFileType = folder.assetcatalog; path = "Preview Assets.xcassets"; sourceTree = "<group>"; };
		38B2AF3127D8024900535D1A /* SettingsView.swift */ = {isa = PBXFileReference; lastKnownFileType = sourcecode.swift; path = SettingsView.swift; sourceTree = "<group>"; };
		38B2AF3327D8029C00535D1A /* MainModel.swift */ = {isa = PBXFileReference; lastKnownFileType = sourcecode.swift; path = MainModel.swift; sourceTree = "<group>"; };
		38B2AF3527D802BF00535D1A /* MainController.swift */ = {isa = PBXFileReference; lastKnownFileType = sourcecode.swift; path = MainController.swift; sourceTree = "<group>"; };
/* End PBXFileReference section */

/* Begin PBXFrameworksBuildPhase section */
		38B2AF1A27D801F100535D1A /* Frameworks */ = {
			isa = PBXFrameworksBuildPhase;
			buildActionMask = 2147483647;
			files = (
				38B2AF3927D802E400535D1A /* Alamofire in Frameworks */,
				38B2AF3E27D8042A00535D1A /* SwiftUICharts in Frameworks */,
			);
			runOnlyForDeploymentPostprocessing = 0;
		};
/* End PBXFrameworksBuildPhase section */

/* Begin PBXGroup section */
		38B2AF1427D801F100535D1A = {
			isa = PBXGroup;
			children = (
				38B2AF1F27D801F100535D1A /* BitcoinActualPrice */,
				38B2AF1E27D801F100535D1A /* Products */,
			);
			sourceTree = "<group>";
		};
		38B2AF1E27D801F100535D1A /* Products */ = {
			isa = PBXGroup;
			children = (
				38B2AF1D27D801F100535D1A /* BitcoinActualPrice.app */,
			);
			name = Products;
			sourceTree = "<group>";
		};
		38B2AF1F27D801F100535D1A /* BitcoinActualPrice */ = {
			isa = PBXGroup;
			children = (
				38B2AF2027D801F100535D1A /* BitcoinActualPriceApp.swift */,
				38B2AF3027D8021400535D1A /* Models */,
				38B2AF2F27D8020900535D1A /* Views */,
				38B2AF2E27D8020100535D1A /* Controllers */,
				38B2AF2427D801F200535D1A /* Assets.xcassets */,
				38B2AF2627D801F200535D1A /* Preview Content */,
			);
			path = BitcoinActualPrice;
			sourceTree = "<group>";
		};
		38B2AF2627D801F200535D1A /* Preview Content */ = {
			isa = PBXGroup;
			children = (
				38B2AF2727D801F200535D1A /* Preview Assets.xcassets */,
			);
			path = "Preview Content";
			sourceTree = "<group>";
		};
		38B2AF2E27D8020100535D1A /* Controllers */ = {
			isa = PBXGroup;
			children = (
				38B2AF3527D802BF00535D1A /* MainController.swift */,
			);
			path = Controllers;
			sourceTree = "<group>";
		};
		38B2AF2F27D8020900535D1A /* Views */ = {
			isa = PBXGroup;
			children = (
				38B2AF2227D801F100535D1A /* MainView.swift */,
				38B2AF3127D8024900535D1A /* SettingsView.swift */,
			);
			path = Views;
			sourceTree = "<group>";
		};
		38B2AF3027D8021400535D1A /* Models */ = {
			isa = PBXGroup;
			children = (
				38B2AF3327D8029C00535D1A /* MainModel.swift */,
			);
			path = Models;
			sourceTree = "<group>";
		};
/* End PBXGroup section */

/* Begin PBXNativeTarget section */
		38B2AF1C27D801F100535D1A /* BitcoinActualPrice */ = {
			isa = PBXNativeTarget;
			buildConfigurationList = 38B2AF2B27D801F200535D1A /* Build configuration list for PBXNativeTarget "BitcoinActualPrice" */;
			buildPhases = (
				38B2AF1927D801F100535D1A /* Sources */,
				38B2AF1A27D801F100535D1A /* Frameworks */,
				38B2AF1B27D801F100535D1A /* Resources */,
			);
			buildRules = (
			);
			dependencies = (
			);
			name = BitcoinActualPrice;
			packageProductDependencies = (
				38B2AF3827D802E400535D1A /* Alamofire */,
				38B2AF3D27D8042A00535D1A /* SwiftUICharts */,
			);
			productName = BitcoinActualPrice;
			productReference = 38B2AF1D27D801F100535D1A /* BitcoinActualPrice.app */;
			productType = "com.apple.product-type.application";
		};
/* End PBXNativeTarget section */

/* Begin PBXProject section */
		38B2AF1527D801F100535D1A /* Project object */ = {
			isa = PBXProject;
			attributes = {
				BuildIndependentTargetsInParallel = 1;
				LastSwiftUpdateCheck = 1320;
				LastUpgradeCheck = 1320;
				TargetAttributes = {
					38B2AF1C27D801F100535D1A = {
						CreatedOnToolsVersion = 13.2.1;
					};
				};
			};
			buildConfigurationList = 38B2AF1827D801F100535D1A /* Build configuration list for PBXProject "BitcoinActualPrice" */;
			compatibilityVersion = "Xcode 13.0";
			developmentRegion = en;
			hasScannedForEncodings = 0;
			knownRegions = (
				en,
				Base,
			);
			mainGroup = 38B2AF1427D801F100535D1A;
			packageReferences = (
				38B2AF3727D802E400535D1A /* XCRemoteSwiftPackageReference "Alamofire" */,
				38B2AF3C27D8042A00535D1A /* XCRemoteSwiftPackageReference "ChartView" */,
			);
			productRefGroup = 38B2AF1E27D801F100535D1A /* Products */;
			projectDirPath = "";
			projectRoot = "";
			targets = (
				38B2AF1C27D801F100535D1A /* BitcoinActualPrice */,
			);
		};
/* End PBXProject section */

/* Begin PBXResourcesBuildPhase section */
		38B2AF1B27D801F100535D1A /* Resources */ = {
			isa = PBXResourcesBuildPhase;
			buildActionMask = 2147483647;
			files = (
				38B2AF2827D801F200535D1A /* Preview Assets.xcassets in Resources */,
				38B2AF2527D801F200535D1A /* Assets.xcassets in Resources */,
			);
			runOnlyForDeploymentPostprocessing = 0;
		};
/* End PBXResourcesBuildPhase section */

/* Begin PBXSourcesBuildPhase section */
		38B2AF1927D801F100535D1A /* Sources */ = {
			isa = PBXSourcesBuildPhase;
			buildActionMask = 2147483647;
			files = (
				38B2AF3427D8029C00535D1A /* MainModel.swift in Sources */,
				38B2AF3227D8024900535D1A /* SettingsView.swift in Sources */,
				38B2AF3627D802BF00535D1A /* MainController.swift in Sources */,
				38B2AF2327D801F100535D1A /* MainView.swift in Sources */,
				38B2AF2127D801F100535D1A /* BitcoinActualPriceApp.swift in Sources */,
			);
			runOnlyForDeploymentPostprocessing = 0;
		};
/* End PBXSourcesBuildPhase section */

/* Begin XCBuildConfiguration section */
		38B2AF2927D801F200535D1A /* Debug */ = {
			isa = XCBuildConfiguration;
			buildSettings = {
				ALWAYS_SEARCH_USER_PATHS = NO;
				CLANG_ANALYZER_NONNULL = YES;
				CLANG_ANALYZER_NUMBER_OBJECT_CONVERSION = YES_AGGRESSIVE;
				CLANG_CXX_LANGUAGE_STANDARD = "gnu++17";
				CLANG_CXX_LIBRARY = "libc++";
				CLANG_ENABLE_MODULES = YES;
				CLANG_ENABLE_OBJC_ARC = YES;
				CLANG_ENABLE_OBJC_WEAK = YES;
				CLANG_WARN_BLOCK_CAPTURE_AUTORELEASING = YES;
				CLANG_WARN_BOOL_CONVERSION = YES;
				CLANG_WARN_COMMA = YES;
				CLANG_WARN_CONSTANT_CONVERSION = YES;
				CLANG_WARN_DEPRECATED_OBJC_IMPLEMENTATIONS = YES;
				CLANG_WARN_DIRECT_OBJC_ISA_USAGE = YES_ERROR;
				CLANG_WARN_DOCUMENTATION_COMMENTS = YES;
				CLANG_WARN_EMPTY_BODY = YES;
				CLANG_WARN_ENUM_CONVERSION = YES;
				CLANG_WARN_INFINITE_RECURSION = YES;
				CLANG_WARN_INT_CONVERSION = YES;
				CLANG_WARN_NON_LITERAL_NULL_CONVERSION = YES;
				CLANG_WARN_OBJC_IMPLICIT_RETAIN_SELF = YES;
				CLANG_WARN_OBJC_LITERAL_CONVERSION = YES;
				CLANG_WARN_OBJC_ROOT_CLASS = YES_ERROR;
				CLANG_WARN_QUOTED_INCLUDE_IN_FRAMEWORK_HEADER = YES;
				CLANG_WARN_RANGE_LOOP_ANALYSIS = YES;
				CLANG_WARN_STRICT_PROTOTYPES = YES;
				CLANG_WARN_SUSPICIOUS_MOVE = YES;
				CLANG_WARN_UNGUARDED_AVAILABILITY = YES_AGGRESSIVE;
				CLANG_WARN_UNREACHABLE_CODE = YES;
				CLANG_WARN__DUPLICATE_METHOD_MATCH = YES;
				COPY_PHASE_STRIP = NO;
				DEBUG_INFORMATION_FORMAT = dwarf;
				ENABLE_STRICT_OBJC_MSGSEND = YES;
				ENABLE_TESTABILITY = YES;
				GCC_C_LANGUAGE_STANDARD = gnu11;
				GCC_DYNAMIC_NO_PIC = NO;
				GCC_NO_COMMON_BLOCKS = YES;
				GCC_OPTIMIZATION_LEVEL = 0;
				GCC_PREPROCESSOR_DEFINITIONS = (
					"DEBUG=1",
					"$(inherited)",
				);
				GCC_WARN_64_TO_32_BIT_CONVERSION = YES;
				GCC_WARN_ABOUT_RETURN_TYPE = YES_ERROR;
				GCC_WARN_UNDECLARED_SELECTOR = YES;
				GCC_WARN_UNINITIALIZED_AUTOS = YES_AGGRESSIVE;
				GCC_WARN_UNUSED_FUNCTION = YES;
				GCC_WARN_UNUSED_VARIABLE = YES;
				IPHONEOS_DEPLOYMENT_TARGET = 15.2;
				MTL_ENABLE_DEBUG_INFO = INCLUDE_SOURCE;
				MTL_FAST_MATH = YES;
				ONLY_ACTIVE_ARCH = YES;
				SDKROOT = iphoneos;
				SWIFT_ACTIVE_COMPILATION_CONDITIONS = DEBUG;
				SWIFT_OPTIMIZATION_LEVEL = "-Onone";
			};
			name = Debug;
		};
		38B2AF2A27D801F200535D1A /* Release */ = {
			isa = XCBuildConfiguration;
			buildSettings = {
				ALWAYS_SEARCH_USER_PATHS = NO;
				CLANG_ANALYZER_NONNULL = YES;
				CLANG_ANALYZER_NUMBER_OBJECT_CONVERSION = YES_AGGRESSIVE;
				CLANG_CXX_LANGUAGE_STANDARD = "gnu++17";
				CLANG_CXX_LIBRARY = "libc++";
				CLANG_ENABLE_MODULES = YES;
				CLANG_ENABLE_OBJC_ARC = YES;
				CLANG_ENABLE_OBJC_WEAK = YES;
				CLANG_WARN_BLOCK_CAPTURE_AUTORELEASING = YES;
				CLANG_WARN_BOOL_CONVERSION = YES;
				CLANG_WARN_COMMA = YES;
				CLANG_WARN_CONSTANT_CONVERSION = YES;
				CLANG_WARN_DEPRECATED_OBJC_IMPLEMENTATIONS = YES;
				CLANG_WARN_DIRECT_OBJC_ISA_USAGE = YES_ERROR;
				CLANG_WARN_DOCUMENTATION_COMMENTS = YES;
				CLANG_WARN_EMPTY_BODY = YES;
				CLANG_WARN_ENUM_CONVERSION = YES;
				CLANG_WARN_INFINITE_RECURSION = YES;
				CLANG_WARN_INT_CONVERSION = YES;
				CLANG_WARN_NON_LITERAL_NULL_CONVERSION = YES;
				CLANG_WARN_OBJC_IMPLICIT_RETAIN_SELF = YES;
				CLANG_WARN_OBJC_LITERAL_CONVERSION = YES;
				CLANG_WARN_OBJC_ROOT_CLASS = YES_ERROR;
				CLANG_WARN_QUOTED_INCLUDE_IN_FRAMEWORK_HEADER = YES;
				CLANG_WARN_RANGE_LOOP_ANALYSIS = YES;
				CLANG_WARN_STRICT_PROTOTYPES = YES;
				CLANG_WARN_SUSPICIOUS_MOVE = YES;
				CLANG_WARN_UNGUARDED_AVAILABILITY = YES_AGGRESSIVE;
				CLANG_WARN_UNREACHABLE_CODE = YES;
				CLANG_WARN__DUPLICATE_METHOD_MATCH = YES;
				COPY_PHASE_STRIP = NO;
				DEBUG_INFORMATION_FORMAT = "dwarf-with-dsym";
				ENABLE_NS_ASSERTIONS = NO;
				ENABLE_STRICT_OBJC_MSGSEND = YES;
				GCC_C_LANGUAGE_STANDARD = gnu11;
				GCC_NO_COMMON_BLOCKS = YES;
				GCC_WARN_64_TO_32_BIT_CONVERSION = YES;
				GCC_WARN_ABOUT_RETURN_TYPE = YES_ERROR;
				GCC_WARN_UNDECLARED_SELECTOR = YES;
				GCC_WARN_UNINITIALIZED_AUTOS = YES_AGGRESSIVE;
				GCC_WARN_UNUSED_FUNCTION = YES;
				GCC_WARN_UNUSED_VARIABLE = YES;
				IPHONEOS_DEPLOYMENT_TARGET = 15.2;
				MTL_ENABLE_DEBUG_INFO = NO;
				MTL_FAST_MATH = YES;
				SDKROOT = iphoneos;
				SWIFT_COMPILATION_MODE = wholemodule;
				SWIFT_OPTIMIZATION_LEVEL = "-O";
				VALIDATE_PRODUCT = YES;
			};
			name = Release;
		};
		38B2AF2C27D801F200535D1A /* Debug */ = {
			isa = XCBuildConfiguration;
			buildSettings = {
				ASSETCATALOG_COMPILER_APPICON_NAME = AppIcon;
				ASSETCATALOG_COMPILER_GLOBAL_ACCENT_COLOR_NAME = AccentColor;
				CODE_SIGN_STYLE = Automatic;
				CURRENT_PROJECT_VERSION = 1;
				DEVELOPMENT_ASSET_PATHS = "\"BitcoinActualPrice/Preview Content\"";
				DEVELOPMENT_TEAM = 3PQ52R8GJN;
				ENABLE_PREVIEWS = YES;
				GENERATE_INFOPLIST_FILE = YES;
				INFOPLIST_KEY_UIApplicationSceneManifest_Generation = YES;
				INFOPLIST_KEY_UIApplicationSupportsIndirectInputEvents = YES;
				INFOPLIST_KEY_UILaunchScreen_Generation = YES;
				INFOPLIST_KEY_UISupportedInterfaceOrientations_iPad = "UIInterfaceOrientationPortrait UIInterfaceOrientationPortraitUpsideDown UIInterfaceOrientationLandscapeLeft UIInterfaceOrientationLandscapeRight";
				INFOPLIST_KEY_UISupportedInterfaceOrientations_iPhone = "UIInterfaceOrientationPortrait UIInterfaceOrientationLandscapeLeft UIInterfaceOrientationLandscapeRight";
				LD_RUNPATH_SEARCH_PATHS = (
					"$(inherited)",
					"@executable_path/Frameworks",
				);
				MARKETING_VERSION = 1.0;
				PRODUCT_BUNDLE_IDENTIFIER = dysssya.BitcoinActualPrice;
				PRODUCT_NAME = "$(TARGET_NAME)";
				SWIFT_EMIT_LOC_STRINGS = YES;
				SWIFT_VERSION = 5.0;
				TARGETED_DEVICE_FAMILY = "1,2";
			};
			name = Debug;
		};
		38B2AF2D27D801F200535D1A /* Release */ = {
			isa = XCBuildConfiguration;
			buildSettings = {
				ASSETCATALOG_COMPILER_APPICON_NAME = AppIcon;
				ASSETCATALOG_COMPILER_GLOBAL_ACCENT_COLOR_NAME = AccentColor;
				CODE_SIGN_STYLE = Automatic;
				CURRENT_PROJECT_VERSION = 1;
				DEVELOPMENT_ASSET_PATHS = "\"BitcoinActualPrice/Preview Content\"";
				DEVELOPMENT_TEAM = 3PQ52R8GJN;
				ENABLE_PREVIEWS = YES;
				GENERATE_INFOPLIST_FILE = YES;
				INFOPLIST_KEY_UIApplicationSceneManifest_Generation = YES;
				INFOPLIST_KEY_UIApplicationSupportsIndirectInputEvents = YES;
				INFOPLIST_KEY_UILaunchScreen_Generation = YES;
				INFOPLIST_KEY_UISupportedInterfaceOrientations_iPad = "UIInterfaceOrientationPortrait UIInterfaceOrientationPortraitUpsideDown UIInterfaceOrientationLandscapeLeft UIInterfaceOrientationLandscapeRight";
				INFOPLIST_KEY_UISupportedInterfaceOrientations_iPhone = "UIInterfaceOrientationPortrait UIInterfaceOrientationLandscapeLeft UIInterfaceOrientationLandscapeRight";
				LD_RUNPATH_SEARCH_PATHS = (
					"$(inherited)",
					"@executable_path/Frameworks",
				);
				MARKETING_VERSION = 1.0;
				PRODUCT_BUNDLE_IDENTIFIER = dysssya.BitcoinActualPrice;
				PRODUCT_NAME = "$(TARGET_NAME)";
				SWIFT_EMIT_LOC_STRINGS = YES;
				SWIFT_VERSION = 5.0;
				TARGETED_DEVICE_FAMILY = "1,2";
			};
			name = Release;
		};
/* End XCBuildConfiguration section */

/* Begin XCConfigurationList section */
		38B2AF1827D801F100535D1A /* Build configuration list for PBXProject "BitcoinActualPrice" */ = {
			isa = XCConfigurationList;
			buildConfigurations = (
				38B2AF2927D801F200535D1A /* Debug */,
				38B2AF2A27D801F200535D1A /* Release */,
			);
			defaultConfigurationIsVisible = 0;
			defaultConfigurationName = Release;
		};
		38B2AF2B27D801F200535D1A /* Build configuration list for PBXNativeTarget "BitcoinActualPrice" */ = {
			isa = XCConfigurationList;
			buildConfigurations = (
				38B2AF2C27D801F200535D1A /* Debug */,
				38B2AF2D27D801F200535D1A /* Release */,
			);
			defaultConfigurationIsVisible = 0;
			defaultConfigurationName = Release;
		};
/* End XCConfigurationList section */

/* Begin XCRemoteSwiftPackageReference section */
		38B2AF3727D802E400535D1A /* XCRemoteSwiftPackageReference "Alamofire" */ = {
			isa = XCRemoteSwiftPackageReference;
			repositoryURL = "https://github.com/Alamofire/Alamofire";
			requirement = {
				branch = master;
				kind = branch;
			};
		};
		38B2AF3C27D8042A00535D1A /* XCRemoteSwiftPackageReference "ChartView" */ = {
			isa = XCRemoteSwiftPackageReference;
			repositoryURL = "https://github.com/AppPear/ChartView";
			requirement = {
				kind = exactVersion;
				version = 1.5.5;
			};
		};
/* End XCRemoteSwiftPackageReference section */

/* Begin XCSwiftPackageProductDependency section */
		38B2AF3827D802E400535D1A /* Alamofire */ = {
			isa = XCSwiftPackageProductDependency;
			package = 38B2AF3727D802E400535D1A /* XCRemoteSwiftPackageReference "Alamofire" */;
			productName = Alamofire;
		};
		38B2AF3D27D8042A00535D1A /* SwiftUICharts */ = {
			isa = XCSwiftPackageProductDependency;
			package = 38B2AF3C27D8042A00535D1A /* XCRemoteSwiftPackageReference "ChartView" */;
			productName = SwiftUICharts;
		};
/* End XCSwiftPackageProductDependency section */
	};
	rootObject = 38B2AF1527D801F100535D1A /* Project object */;
}
